{
  "originHash" : "79a23eb2cbb7d5f0b1969acd376cc2fc005944c4edcd05c8d7f5f1c200157a3e",
  "pins" : [
    {
      "identity" : "faviconfinder",
      "kind" : "remoteSourceControl",
      "location" : "https://github.com/will-lumley/FaviconFinder.git",
      "state" : {
        "revision" : "c87a6d27d472a2013506c3c173a8768f8e7521ee",
        "version" : "5.0.2"
      }
    },
    {
      "identity" : "posthog-ios",
      "kind" : "remoteSourceControl",
      "location" : "https://github.com/PostHog/posthog-ios.git",
      "state" : {
        "revision" : "d127599034e08f12f340e5e2da13090a894d55d6",
        "version" : "3.2.4"
      }
    },
    {
      "identity" : "swift-system",
      "kind" : "remoteSourceControl",
      "location" : "https://github.com/apple/swift-system.git",
      "state" : {
        "revision" : "025bcb1165deab2e20d4eaba79967ce73013f496",
        "version" : "1.2.1"
      }
    },
    {
      "identity" : "swift-url",
      "kind" : "remoteSourceControl",
      "location" : "https://github.com/karwa/swift-url.git",
      "state" : {
        "revision" : "a04b0e57f148698d091c90392901ce92fd0c5623",
        "version" : "0.4.1"
      }
    },
    {
      "identity" : "swiftsoup",
      "kind" : "remoteSourceControl",
      "location" : "https://github.com/scinfu/SwiftSoup.git",
      "state" : {
        "revision" : "028487d4a8a291b2fe1b4392b5425b6172056148",
        "version" : "2.7.2"
      }
    }
  ],
  "version" : 3
}
